Microsoft Visual Studio Solution File, Format Version 12.00
# Visual Studio 2012
Project("{568A87F8-0CB8-509A-EC85-4F5DDF79B1DB}") = "ArtInstallation", "Assembly-CSharp-firstpass.csproj", "{B5DFAC48-991E-1E9E-CAC4-54B96936CDF1}"
EndProject
Project("{568A87F8-0CB8-509A-EC85-4F5DDF79B1DB}") = "ArtInstallation", "Assembly-CSharp.csproj", "{97B6A0B6-3734-28B4-4B32-9F695C5B9F14}"
EndProject
Project("{568A87F8-0CB8-509A-EC85-4F5DDF79B1DB}") = "ArtInstallation", "Assembly-CSharp-Editor.csproj", "{40C5C04A-27B5-01CF-CE15-55E3FF729777}"
EndProject
Global
	GlobalSection(SolutionConfigurationPlatforms) = preSolution
		Debug|Any CPU = Debug|Any CPU
		Release|Any CPU = Release|Any CPU
	EndGlobalSection
	GlobalSection(ProjectConfigurationPlatforms) = postSolution
		{B5DFAC48-991E-1E9E-CAC4-54B96936CDF1}.Debug|Any CPU.ActiveCfg = Debug|Any CPU
		{B5DFAC48-991E-1E9E-CAC4-54B96936CDF1}.Debug|Any CPU.Build.0 = Debug|Any CPU
		{B5DFAC48-991E-1E9E-CAC4-54B96936CDF1}.Release|Any CPU.ActiveCfg = Release|Any CPU
		{B5DFAC48-991E-1E9E-CAC4-54B96936CDF1}.Release|Any CPU.Build.0 = Release|Any CPU
		{97B6A0B6-3734-28B4-4B32-9F695C5B9F14}.Debug|Any CPU.ActiveCfg = Debug|Any CPU
		{97B6A0B6-3734-28B4-4B32-9F695C5B9F14}.Debug|Any CPU.Build.0 = Debug|Any CPU
		{97B6A0B6-3734-28B4-4B32-9F695C5B9F14}.Release|Any CPU.ActiveCfg = Release|Any CPU
		{97B6A0B6-3734-28B4-4B32-9F695C5B9F14}.Release|Any CPU.Build.0 = Release|Any CPU
		{40C5C04A-27B5-01CF-CE15-55E3FF729777}.Debug|Any CPU.ActiveCfg = Debug|Any CPU
		{40C5C04A-27B5-01CF-CE15-55E3FF729777}.Debug|Any CPU.Build.0 = Debug|Any CPU
		{40C5C04A-27B5-01CF-CE15-55E3FF729777}.Release|Any CPU.ActiveCfg = Release|Any CPU
		{40C5C04A-27B5-01CF-CE15-55E3FF729777}.Release|Any CPU.Build.0 = Release|Any CPU
	EndGlobalSection
	GlobalSection(MonoDevelopProperties) = preSolution
		StartupItem = Assembly-CSharp.csproj
	EndGlobalSection
EndGlobal
